{
  "requires": true,
  "lockfileVersion": 1,
  "dependencies": {
    "node-sessionstorage": {
      "version": "1.0.0",
      "resolved": "https://registry.npmjs.org/node-sessionstorage/-/node-sessionstorage-1.0.0.tgz",
      "integrity": "sha512-7WgwJ+7z0+hZSnrYp2KzWsP9tooHr0XtWGsvFycqYE/jPcMHsAGBwm8Hck2HKd/3RFF+SueqzMDm9AEggKJ5qQ=="
    }
  }
}
